{
  "originHash" : "8b579c7966ccc1eac417b586c4e43f5c801ba3e508d579bd318008f414bf46c6",
  "pins" : [
    {
      "identity" : "capacitor-swift-pm",
      "kind" : "remoteSourceControl",
      "location" : "https://github.com/ionic-team/capacitor-swift-pm.git",
      "state" : {
        "revision" : "992959f0467c781eb6a1637e69d87481238c3672",
        "version" : "8.3.4"
      }
    },
    {
      "identity" : "ion-ios-filesystem",
      "kind" : "remoteSourceControl",
      "location" : "https://github.com/ionic-team/ion-ios-filesystem.git",
      "state" : {
        "revision" : "0d81e26e828ff9582807e2339112cedf2e0fab85",
        "version" : "1.1.2"
      }
    }
  ],
  "version" : 3
}
